
Microsoft Visual Studio Solution File, Format Version 12.00
# Visual Studio Version 17
VisualStudioVersion = 17.9.34701.34
MinimumVisualStudioVersion = 10.0.40219.1
Project("{FAE04EC0-301F-11D3-BF4B-00C04F79EFBC}") = "ExercicioStack", "ExercicioStack\ExercicioStack.csproj", "{1E160934-E1D4-45E9-961F-A3C8A83867FE}"
EndProject
Global
	GlobalSection(SolutionConfigurationPlatforms) = preSolution
		Debug|Any CPU = Debug|Any CPU
		Release|Any CPU = Release|Any CPU
	EndGlobalSection
	GlobalSection(ProjectConfigurationPlatforms) = postSolution
		{1E160934-E1D4-45E9-961F-A3C8A83867FE}.Debug|Any CPU.ActiveCfg = Debug|Any CPU
		{1E160934-E1D4-45E9-961F-A3C8A83867FE}.Debug|Any CPU.Build.0 = Debug|Any CPU
		{1E160934-E1D4-45E9-961F-A3C8A83867FE}.Release|Any CPU.ActiveCfg = Release|Any CPU
		{1E160934-E1D4-45E9-961F-A3C8A83867FE}.Release|Any CPU.Build.0 = Release|Any CPU
	EndGlobalSection
	GlobalSection(SolutionProperties) = preSolution
		HideSolutionNode = FALSE
	EndGlobalSection
	GlobalSection(ExtensibilityGlobals) = postSolution
		SolutionGuid = {C205ABA8-E526-4461-B296-D20182B99BE0}
	EndGlobalSection
EndGlobal
